
Microsoft Visual Studio Solution File, Format Version 11.00
# Visual C# Express 2010
Project("{FAE04EC0-301F-11D3-BF4B-00C04F79EFBC}") = "BuiArray", "BuiArray\BuiArray.csproj", "{55FEA089-3F65-49AF-83C6-761628714904}"
EndProject
Global
	GlobalSection(SolutionConfigurationPlatforms) = preSolution
		Debug|x86 = Debug|x86
		Release|x86 = Release|x86
	EndGlobalSection
	GlobalSection(ProjectConfigurationPlatforms) = postSolution
		{55FEA089-3F65-49AF-83C6-761628714904}.Debug|x86.ActiveCfg = Debug|x86
		{55FEA089-3F65-49AF-83C6-761628714904}.Debug|x86.Build.0 = Debug|x86
		{55FEA089-3F65-49AF-83C6-761628714904}.Release|x86.ActiveCfg = Release|x86
		{55FEA089-3F65-49AF-83C6-761628714904}.Release|x86.Build.0 = Release|x86
	EndGlobalSection
	GlobalSection(SolutionProperties) = preSolution
		HideSolutionNode = FALSE
	EndGlobalSection
EndGlobal
